
Microsoft Visual Studio Solution File, Format Version 12.00
# Visual Studio Version 16
VisualStudioVersion = 16.0.29215.179
MinimumVisualStudioVersion = 10.0.40219.1
Project("{FAE04EC0-301F-11D3-BF4B-00C04F79EFBC}") = "LightsOut", "LightsOut\LightsOut.csproj", "{DA26C685-7BAC-4197-8129-7EFFB88E452C}"
EndProject
Global
	GlobalSection(SolutionConfigurationPlatforms) = preSolution
		Debug|Any CPU = Debug|Any CPU
		Release|Any CPU = Release|Any CPU
	EndGlobalSection
	GlobalSection(ProjectConfigurationPlatforms) = postSolution
		{DA26C685-7BAC-4197-8129-7EFFB88E452C}.Debug|Any CPU.ActiveCfg = Debug|Any CPU
		{DA26C685-7BAC-4197-8129-7EFFB88E452C}.Debug|Any CPU.Build.0 = Debug|Any CPU
		{DA26C685-7BAC-4197-8129-7EFFB88E452C}.Release|Any CPU.ActiveCfg = Release|Any CPU
		{DA26C685-7BAC-4197-8129-7EFFB88E452C}.Release|Any CPU.Build.0 = Release|Any CPU
	EndGlobalSection
	GlobalSection(SolutionProperties) = preSolution
		HideSolutionNode = FALSE
	EndGlobalSection
	GlobalSection(ExtensibilityGlobals) = postSolution
		SolutionGuid = {56D79DE2-A1B4-4789-AAC0-6E0FFA6D29E6}
	EndGlobalSection
EndGlobal
